{

  "name": "lezer-typst",

  "version": "1.0.0",

  "lockfileVersion": 2,

  "requires": true,

  "packages": {

    "": {

      "name": "lezer-typst",

      "version": "1.0.0",

      "license": "ISC",

      "dependencies": {

        "@lezer/generator": "^1.8.0"

      }

    },

    "node_modules/@lezer/common": {

      "version": "1.3.0",

      "resolved": "https://registry.npmjs.org/@lezer/common/-/common-1.3.0.tgz",

      "integrity": "sha512-L9X8uHCYU310o99L3/MpJKYxPzXPOS7S0NmBaM7UO/x2Kb2WbmMLSkfvdr1KxRIFYOpbY0Jhn7CfLSUDzL8arQ==",

      "license": "MIT"

    },

    "node_modules/@lezer/generator": {

      "version": "1.8.0",

      "resolved": "https://registry.npmjs.org/@lezer/generator/-/generator-1.8.0.tgz",

      "integrity": "sha512-/SF4EDWowPqV1jOgoGSGTIFsE7Ezdr7ZYxyihl5eMKVO5tlnpIhFcDavgm1hHY5GEonoOAEnJ0CU0x+tvuAuUg==",

      "license": "MIT",

      "dependencies": {

        "@lezer/common": "^1.1.0",

        "@lezer/lr": "^1.3.0"

      },

      "bin": {

        "lezer-generator": "src/lezer-generator.cjs"

      }

    },

    "node_modules/@lezer/lr": {

      "version": "1.4.2",

      "resolved": "https://registry.npmjs.org/@lezer/lr/-/lr-1.4.2.tgz",

      "integrity": "sha512-pu0K1jCIdnQ12aWNaAVU5bzi7Bd1w54J3ECgANPmYLtQKP0HBj2cE/5coBD66MT10xbtIuUr7tg0Shbsvk0mDA==",

      "license": "MIT",

      "dependencies": {

        "@lezer/common": "^1.0.0"

      }

    }

  },

  "dependencies": {

    "@lezer/common": {

      "version": "1.3.0",

      "resolved": "https://registry.npmjs.org/@lezer/common/-/common-1.3.0.tgz",

      "integrity": "sha512-L9X8uHCYU310o99L3/MpJKYxPzXPOS7S0NmBaM7UO/x2Kb2WbmMLSkfvdr1KxRIFYOpbY0Jhn7CfLSUDzL8arQ=="

    },

    "@lezer/generator": {

      "version": "1.8.0",

      "resolved": "https://registry.npmjs.org/@lezer/generator/-/generator-1.8.0.tgz",

      "integrity": "sha512-/SF4EDWowPqV1jOgoGSGTIFsE7Ezdr7ZYxyihl5eMKVO5tlnpIhFcDavgm1hHY5GEonoOAEnJ0CU0x+tvuAuUg==",

      "requires": {

        "@lezer/common": "^1.1.0",

        "@lezer/lr": "^1.3.0"

      }

    },

    "@lezer/lr": {

      "version": "1.4.2",

      "resolved": "https://registry.npmjs.org/@lezer/lr/-/lr-1.4.2.tgz",

      "integrity": "sha512-pu0K1jCIdnQ12aWNaAVU5bzi7Bd1w54J3ECgANPmYLtQKP0HBj2cE/5coBD66MT10xbtIuUr7tg0Shbsvk0mDA==",

      "requires": {

        "@lezer/common": "^1.0.0"

      }

    }

  }

}

